
Microsoft Visual Studio Solution File, Format Version 12.00
# Visual Studio Version 17
VisualStudioVersion = 17.11.35219.272
MinimumVisualStudioVersion = 10.0.40219.1
Project("{9A19103F-16F7-4668-BE54-9A1E7A4F7556}") = "CaracolTanqueos", "CaracolTanqueos.csproj", "{1DAC7E20-406A-4632-9E24-76219906B92C}"
EndProject
Global
	GlobalSection(SolutionConfigurationPlatforms) = preSolution
		Debug|Any CPU = Debug|Any CPU
		Release|Any CPU = Release|Any CPU
	EndGlobalSection
	GlobalSection(ProjectConfigurationPlatforms) = postSolution
		{1DAC7E20-406A-4632-9E24-76219906B92C}.Debug|Any CPU.ActiveCfg = Debug|Any CPU
		{1DAC7E20-406A-4632-9E24-76219906B92C}.Debug|Any CPU.Build.0 = Debug|Any CPU
		{1DAC7E20-406A-4632-9E24-76219906B92C}.Release|Any CPU.ActiveCfg = Release|Any CPU
		{1DAC7E20-406A-4632-9E24-76219906B92C}.Release|Any CPU.Build.0 = Release|Any CPU
	EndGlobalSection
	GlobalSection(SolutionProperties) = preSolution
		HideSolutionNode = FALSE
	EndGlobalSection
	GlobalSection(ExtensibilityGlobals) = postSolution
		SolutionGuid = {16123B70-4662-416D-B596-5BBC94A127D2}
	EndGlobalSection
EndGlobal
